
Microsoft Visual Studio Solution File, Format Version 12.00
# Visual Studio 15
VisualStudioVersion = 15.0.27703.2035
MinimumVisualStudioVersion = 10.0.40219.1
Project("{FAE04EC0-301F-11D3-BF4B-00C04F79EFBC}") = "DZzzz.Net.Core", "DZzzz.Net.Core\DZzzz.Net.Core.csproj", "{A1C6A79E-46A0-45BC-B44A-980397A3C120}"
EndProject
Project("{FAE04EC0-301F-11D3-BF4B-00C04F79EFBC}") = "DZzzz.Net.Serialization", "DZzzz.Net.Serialization\DZzzz.Net.Serialization.csproj", "{987D02BB-0A1E-4B9F-AA74-AAD7518DF33A}"
EndProject
Project("{FAE04EC0-301F-11D3-BF4B-00C04F79EFBC}") = "DZzzz.Net.Http", "DZzzz.Net.Http\DZzzz.Net.Http.csproj", "{8B9DCF56-02D4-4F9B-BAA2-35EC6DDEA844}"
EndProject
Global
	GlobalSection(SolutionConfigurationPlatforms) = preSolution
		Debug|Any CPU = Debug|Any CPU
		Release|Any CPU = Release|Any CPU
	EndGlobalSection
	GlobalSection(ProjectConfigurationPlatforms) = postSolution
		{A1C6A79E-46A0-45BC-B44A-980397A3C120}.Debug|Any CPU.ActiveCfg = Debug|Any CPU
		{A1C6A79E-46A0-45BC-B44A-980397A3C120}.Debug|Any CPU.Build.0 = Debug|Any CPU
		{A1C6A79E-46A0-45BC-B44A-980397A3C120}.Release|Any CPU.ActiveCfg = Release|Any CPU
		{A1C6A79E-46A0-45BC-B44A-980397A3C120}.Release|Any CPU.Build.0 = Release|Any CPU
		{987D02BB-0A1E-4B9F-AA74-AAD7518DF33A}.Debug|Any CPU.ActiveCfg = Debug|Any CPU
		{987D02BB-0A1E-4B9F-AA74-AAD7518DF33A}.Debug|Any CPU.Build.0 = Debug|Any CPU
		{987D02BB-0A1E-4B9F-AA74-AAD7518DF33A}.Release|Any CPU.ActiveCfg = Release|Any CPU
		{987D02BB-0A1E-4B9F-AA74-AAD7518DF33A}.Release|Any CPU.Build.0 = Release|Any CPU
		{8B9DCF56-02D4-4F9B-BAA2-35EC6DDEA844}.Debug|Any CPU.ActiveCfg = Debug|Any CPU
		{8B9DCF56-02D4-4F9B-BAA2-35EC6DDEA844}.Debug|Any CPU.Build.0 = Debug|Any CPU
		{8B9DCF56-02D4-4F9B-BAA2-35EC6DDEA844}.Release|Any CPU.ActiveCfg = Release|Any CPU
		{8B9DCF56-02D4-4F9B-BAA2-35EC6DDEA844}.Release|Any CPU.Build.0 = Release|Any CPU
	EndGlobalSection
	GlobalSection(SolutionProperties) = preSolution
		HideSolutionNode = FALSE
	EndGlobalSection
	GlobalSection(ExtensibilityGlobals) = postSolution
		SolutionGuid = {8E6E3AB6-D746-4D3F-8779-6B7F513865E4}
	EndGlobalSection
EndGlobal
